{
  "object": {
    "pins": [
      {
        "package": "SwiftProtobuf",
        "repositoryURL": "https://github.com/apple/swift-protobuf.git",
        "state": {
          "branch": null,
          "revision": "e3f69fd321d0c9fcdc16fb576a0cdd956675face",
          "version": "1.31.0"
        }
      },
      {
        "package": "WalletCoreSwiftProtobuf",
        "repositoryURL": "https://github.com/vultisig/WalletCoreSwiftProtobuf.git",
        "state": {
          "branch": "main",
          "revision": "d69be19f9bff259d54778fa27d08802cc8124c8b",
          "version": null
        }
      }
    ]
  },
  "version": 1
}
